
Microsoft Visual Studio Solution File, Format Version 12.00
# Visual Studio Version 17
VisualStudioVersion = 17.1.32319.34
MinimumVisualStudioVersion = 10.0.40219.1
Project("{FAE04EC0-301F-11D3-BF4B-00C04F79EFBC}") = "10.5.-Rafael", "10.5.-Rafael.csproj", "{ABB55504-70DB-4044-AB95-6CA088577E52}"
EndProject
Global
	GlobalSection(SolutionConfigurationPlatforms) = preSolution
		Debug|Any CPU = Debug|Any CPU
		Release|Any CPU = Release|Any CPU
	EndGlobalSection
	GlobalSection(ProjectConfigurationPlatforms) = postSolution
		{ABB55504-70DB-4044-AB95-6CA088577E52}.Debug|Any CPU.ActiveCfg = Debug|Any CPU
		{ABB55504-70DB-4044-AB95-6CA088577E52}.Debug|Any CPU.Build.0 = Debug|Any CPU
		{ABB55504-70DB-4044-AB95-6CA088577E52}.Release|Any CPU.ActiveCfg = Release|Any CPU
		{ABB55504-70DB-4044-AB95-6CA088577E52}.Release|Any CPU.Build.0 = Release|Any CPU
	EndGlobalSection
	GlobalSection(SolutionProperties) = preSolution
		HideSolutionNode = FALSE
	EndGlobalSection
	GlobalSection(ExtensibilityGlobals) = postSolution
		SolutionGuid = {296477ED-E7E4-4EC7-80F6-F4BC0CAF6CA3}
	EndGlobalSection
EndGlobal
